
PODS:
  - Capacitor (7.0.3):
    - CapacitorCordova
  - CapacitorCordova (7.0.3)

DEPENDENCIES:
  - "Capacitor (from `../../node_modules/@capacitor/ios`)"
  - "CapacitorCordova (from `../../node_modules/@capacitor/ios`)"

EXTERNAL SOURCES:
  Capacitor:
    :path: "../../node_modules/@capacitor/ios"
  CapacitorCordova:
    :path: "../../node_modules/@capacitor/ios"

SPEC CHECKSUMS:
  Capacitor: 6b8ba65b2a9cf99f5c96b7afd0effe9671dc8e30
  CapacitorCordova: 931bd793113486d5948e369678468bbeb38bae25

PODFILE CHECKSUM: 481b90c01962fc2c427e8a97542a48b2695e8c58

COCOAPODS: 1.16.2
